// !$*UTF8*$!
{
	archiveVersion = 1;
	classes = {
	};
	objectVersion = 51;
	objects = {

/* Begin PBXBuildFile section */
		5808282A2646A2B300055E31 /* TimeChunk+DateComponents.swift in Sources */ = {isa = PBXBuildFile; fileRef = 580828292646A2B300055E31 /* TimeChunk+DateComponents.swift */; };
		580B4B592646306E00EB5175 /* SceneDelegate.swift in Sources */ = {isa = PBXBuildFile; fileRef = 580B4B582646306E00EB5175 /* SceneDelegate.swift */; };
		580B4B5C2646377B00EB5175 /* LoginViewController.swift in Sources */ = {isa = PBXBuildFile; fileRef = 580B4B5B2646377B00EB5175 /* LoginViewController.swift */; };
		580B4B5F264638A200EB5175 /* LaunchPage.png in Resources */ = {isa = PBXBuildFile; fileRef = 580B4B5E264638A200EB5175 /* LaunchPage.png */; };
		580B4B622646495B00EB5175 /* LoginViewControllerSb.storyboard in Resources */ = {isa = PBXBuildFile; fileRef = 580B4B612646495B00EB5175 /* LoginViewControllerSb.storyboard */; };
		5874E96D264611AC00550AAA /* AppDelegate.swift in Sources */ = {isa = PBXBuildFile; fileRef = 5874E96C264611AC00550AAA /* AppDelegate.swift */; };
		5874E971264611AC00550AAA /* ViewController.swift in Sources */ = {isa = PBXBuildFile; fileRef = 5874E970264611AC00550AAA /* ViewController.swift */; };
		5874E974264611AC00550AAA /* Main.storyboard in Resources */ = {isa = PBXBuildFile; fileRef = 5874E972264611AC00550AAA /* Main.storyboard */; };
		5874E976264611B300550AAA /* Assets.xcassets in Resources */ = {isa = PBXBuildFile; fileRef = 5874E975264611B300550AAA /* Assets.xcassets */; };
		5874E979264611B300550AAA /* LaunchScreen.storyboard in Resources */ = {isa = PBXBuildFile; fileRef = 5874E977264611B300550AAA /* LaunchScreen.storyboard */; };
		5874E984264611B400550AAA /* SmartWorkTests.swift in Sources */ = {isa = PBXBuildFile; fileRef = 5874E983264611B400550AAA /* SmartWorkTests.swift */; };
		5874E98F264611B400550AAA /* SmartWorkUITests.swift in Sources */ = {isa = PBXBuildFile; fileRef = 5874E98E264611B400550AAA /* SmartWorkUITests.swift */; };
		5874E9E326461B5B00550AAA /* CustomTabBarViewController.swift in Sources */ = {isa = PBXBuildFile; fileRef = 5874E9E226461B5B00550AAA /* CustomTabBarViewController.swift */; };
		5874E9EC26461C5000550AAA /* MyViewController.swift in Sources */ = {isa = PBXBuildFile; fileRef = 5874E9EB26461C5000550AAA /* MyViewController.swift */; };
		5874E9F126461C6800550AAA /* ContactListViewController.swift in Sources */ = {isa = PBXBuildFile; fileRef = 5874E9F026461C6800550AAA /* ContactListViewController.swift */; };
		5874E9F626461C7B00550AAA /* WorkSpaceViewController.swift in Sources */ = {isa = PBXBuildFile; fileRef = 5874E9F526461C7B00550AAA /* WorkSpaceViewController.swift */; };
		5874E9FB26461C9500550AAA /* MessageMainViewController.swift in Sources */ = {isa = PBXBuildFile; fileRef = 5874E9FA26461C9500550AAA /* MessageMainViewController.swift */; };
		58790AAD26467ECF00AB26BA /* MessageMainSb.storyboard in Resources */ = {isa = PBXBuildFile; fileRef = 58790AAC26467ECF00AB26BA /* MessageMainSb.storyboard */; };
		58790AAF26468CB100AB26BA /* CalenderViewController.swift in Sources */ = {isa = PBXBuildFile; fileRef = 58790AAE26468CB100AB26BA /* CalenderViewController.swift */; };
		58790AB126468CD300AB26BA /* CalenderViewControllerSb.storyboard in Resources */ = {isa = PBXBuildFile; fileRef = 58790AB026468CD300AB26BA /* CalenderViewControllerSb.storyboard */; };
		8A7BBAC42822DF89986AE693 /* Pods_SmartWork.framework in Frameworks */ = {isa = PBXBuildFile; fileRef = 8DBDE1DBE7A63D3AE186CCA2 /* Pods_SmartWork.framework */; };
/* End PBXBuildFile section */

/* Begin PBXContainerItemProxy section */
		5874E980264611B300550AAA /* PBXContainerItemProxy */ = {
			isa = PBXContainerItemProxy;
			containerPortal = 5874E961264611AC00550AAA /* Project object */;
			proxyType = 1;
			remoteGlobalIDString = 5874E968264611AC00550AAA;
			remoteInfo = SmartWork;
		};
		5874E98B264611B400550AAA /* PBXContainerItemProxy */ = {
			isa = PBXContainerItemProxy;
			containerPortal = 5874E961264611AC00550AAA /* Project object */;
			proxyType = 1;
			remoteGlobalIDString = 5874E968264611AC00550AAA;
			remoteInfo = SmartWork;
		};
/* End PBXContainerItemProxy section */

/* Begin PBXFileReference section */
		2E3CC29E8955BB9FC189D6B7 /* Pods-SmartWork.debug.xcconfig */ = {isa = PBXFileReference; includeInIndex = 1; lastKnownFileType = text.xcconfig; name = "Pods-SmartWork.debug.xcconfig"; path = "Target Support Files/Pods-SmartWork/Pods-SmartWork.debug.xcconfig"; sourceTree = "<group>"; };
		580828292646A2B300055E31 /* TimeChunk+DateComponents.swift */ = {isa = PBXFileReference; fileEncoding = 4; lastKnownFileType = sourcecode.swift; path = "TimeChunk+DateComponents.swift"; sourceTree = "<group>"; };
		580B4B582646306E00EB5175 /* SceneDelegate.swift */ = {isa = PBXFileReference; fileEncoding = 4; lastKnownFileType = sourcecode.swift; path = SceneDelegate.swift; sourceTree = "<group>"; };
		580B4B5B2646377B00EB5175 /* LoginViewController.swift */ = {isa = PBXFileReference; lastKnownFileType = sourcecode.swift; path = LoginViewController.swift; sourceTree = "<group>"; };
		580B4B5E264638A200EB5175 /* LaunchPage.png */ = {isa = PBXFileReference; lastKnownFileType = image.png; path = LaunchPage.png; sourceTree = "<group>"; };
		580B4B612646495B00EB5175 /* LoginViewControllerSb.storyboard */ = {isa = PBXFileReference; lastKnownFileType = file.storyboard; path = LoginViewControllerSb.storyboard; sourceTree = "<group>"; };
		5874E969264611AC00550AAA /* SmartWork.app */ = {isa = PBXFileReference; explicitFileType = wrapper.application; includeInIndex = 0; path = SmartWork.app; sourceTree = BUILT_PRODUCTS_DIR; };
		5874E96C264611AC00550AAA /* AppDelegate.swift */ = {isa = PBXFileReference; lastKnownFileType = sourcecode.swift; path = AppDelegate.swift; sourceTree = "<group>"; };
		5874E970264611AC00550AAA /* ViewController.swift */ = {isa = PBXFileReference; lastKnownFileType = sourcecode.swift; path = ViewController.swift; sourceTree = "<group>"; };
		5874E973264611AC00550AAA /* Base */ = {isa = PBXFileReference; lastKnownFileType = file.storyboard; name = Base; path = Base.lproj/Main.storyboard; sourceTree = "<group>"; };
		5874E975264611B300550AAA /* Assets.xcassets */ = {isa = PBXFileReference; lastKnownFileType = folder.assetcatalog; path = Assets.xcassets; sourceTree = "<group>"; };
		5874E978264611B300550AAA /* Base */ = {isa = PBXFileReference; lastKnownFileType = file.storyboard; name = Base; path = Base.lproj/LaunchScreen.storyboard; sourceTree = "<group>"; };
		5874E97A264611B300550AAA /* Info.plist */ = {isa = PBXFileReference; lastKnownFileType = text.plist.xml; path = Info.plist; sourceTree = "<group>"; };
		5874E97F264611B300550AAA /* SmartWorkTests.xctest */ = {isa = PBXFileReference; explicitFileType = wrapper.cfbundle; includeInIndex = 0; path = SmartWorkTests.xctest; sourceTree = BUILT_PRODUCTS_DIR; };
		5874E983264611B400550AAA /* SmartWorkTests.swift */ = {isa = PBXFileReference; lastKnownFileType = sourcecode.swift; path = SmartWorkTests.swift; sourceTree = "<group>"; };
		5874E985264611B400550AAA /* Info.plist */ = {isa = PBXFileReference; lastKnownFileType = text.plist.xml; path = Info.plist; sourceTree = "<group>"; };
		5874E98A264611B400550AAA /* SmartWorkUITests.xctest */ = {isa = PBXFileReference; explicitFileType = wrapper.cfbundle; includeInIndex = 0; path = SmartWorkUITests.xctest; sourceTree = BUILT_PRODUCTS_DIR; };
		5874E98E264611B400550AAA /* SmartWorkUITests.swift */ = {isa = PBXFileReference; lastKnownFileType = sourcecode.swift; path = SmartWorkUITests.swift; sourceTree = "<group>"; };
		5874E990264611B400550AAA /* Info.plist */ = {isa = PBXFileReference; lastKnownFileType = text.plist.xml; path = Info.plist; sourceTree = "<group>"; };
		5874E9E226461B5B00550AAA /* CustomTabBarViewController.swift */ = {isa = PBXFileReference; lastKnownFileType = sourcecode.swift; path = CustomTabBarViewController.swift; sourceTree = "<group>"; };
		5874E9EB26461C5000550AAA /* MyViewController.swift */ = {isa = PBXFileReference; lastKnownFileType = sourcecode.swift; path = MyViewController.swift; sourceTree = "<group>"; };
		5874E9F026461C6800550AAA /* ContactListViewController.swift */ = {isa = PBXFileReference; lastKnownFileType = sourcecode.swift; path = ContactListViewController.swift; sourceTree = "<group>"; };
		5874E9F526461C7B00550AAA /* WorkSpaceViewController.swift */ = {isa = PBXFileReference; lastKnownFileType = sourcecode.swift; path = WorkSpaceViewController.swift; sourceTree = "<group>"; };
		5874E9FA26461C9500550AAA /* MessageMainViewController.swift */ = {isa = PBXFileReference; lastKnownFileType = sourcecode.swift; path = MessageMainViewController.swift; sourceTree = "<group>"; };
		58790AAC26467ECF00AB26BA /* MessageMainSb.storyboard */ = {isa = PBXFileReference; lastKnownFileType = file.storyboard; path = MessageMainSb.storyboard; sourceTree = "<group>"; };
		58790AAE26468CB100AB26BA /* CalenderViewController.swift */ = {isa = PBXFileReference; lastKnownFileType = sourcecode.swift; path = CalenderViewController.swift; sourceTree = "<group>"; };
		58790AB026468CD300AB26BA /* CalenderViewControllerSb.storyboard */ = {isa = PBXFileReference; lastKnownFileType = file.storyboard; path = CalenderViewControllerSb.storyboard; sourceTree = "<group>"; };
		8DBDE1DBE7A63D3AE186CCA2 /* Pods_SmartWork.framework */ = {isa = PBXFileReference; explicitFileType = wrapper.framework; includeInIndex = 0; path = Pods_SmartWork.framework; sourceTree = BUILT_PRODUCTS_DIR; };
		F740DEAF5BE054C1FEE9BD07 /* Pods-SmartWork.release.xcconfig */ = {isa = PBXFileReference; includeInIndex = 1; lastKnownFileType = text.xcconfig; name = "Pods-SmartWork.release.xcconfig"; path = "Target Support Files/Pods-SmartWork/Pods-SmartWork.release.xcconfig"; sourceTree = "<group>"; };
/* End PBXFileReference section */

/* Begin PBXFrameworksBuildPhase section */
		5874E966264611AC00550AAA /* Frameworks */ = {
			isa = PBXFrameworksBuildPhase;
			buildActionMask = 2147483647;
			files = (
				8A7BBAC42822DF89986AE693 /* Pods_SmartWork.framework in Frameworks */,
			);
			runOnlyForDeploymentPostprocessing = 0;
		};
		5874E97C264611B300550AAA /* Frameworks */ = {
			isa = PBXFrameworksBuildPhase;
			buildActionMask = 2147483647;
			files = (
			);
			runOnlyForDeploymentPostprocessing = 0;
		};
		5874E987264611B400550AAA /* Frameworks */ = {
			isa = PBXFrameworksBuildPhase;
			buildActionMask = 2147483647;
			files = (
			);
			runOnlyForDeploymentPostprocessing = 0;
		};
/* End PBXFrameworksBuildPhase section */

/* Begin PBXGroup section */
		4A7A46A7A6BEC7D59C0C17C5 /* Frameworks */ = {
			isa = PBXGroup;
			children = (
				8DBDE1DBE7A63D3AE186CCA2 /* Pods_SmartWork.framework */,
			);
			name = Frameworks;
			sourceTree = "<group>";
		};
		580B4B5A2646376000EB5175 /* Login */ = {
			isa = PBXGroup;
			children = (
				580B4B5B2646377B00EB5175 /* LoginViewController.swift */,
				580B4B612646495B00EB5175 /* LoginViewControllerSb.storyboard */,
			);
			path = Login;
			sourceTree = "<group>";
		};
		580B4B5D2646383D00EB5175 /* Resources */ = {
			isa = PBXGroup;
			children = (
				580B4B5E264638A200EB5175 /* LaunchPage.png */,
			);
			path = Resources;
			sourceTree = "<group>";
		};
		580B4B6026463E7F00EB5175 /* Tools */ = {
			isa = PBXGroup;
			children = (
			);
			path = Tools;
			sourceTree = "<group>";
		};
		5874E960264611AC00550AAA = {
			isa = PBXGroup;
			children = (
				5874E96B264611AC00550AAA /* SmartWork */,
				5874E982264611B400550AAA /* SmartWorkTests */,
				5874E98D264611B400550AAA /* SmartWorkUITests */,
				5874E96A264611AC00550AAA /* Products */,
				AF6EF32E216151531E646D35 /* Pods */,
				4A7A46A7A6BEC7D59C0C17C5 /* Frameworks */,
			);
			sourceTree = "<group>";
		};
		5874E96A264611AC00550AAA /* Products */ = {
			isa = PBXGroup;
			children = (
				5874E969264611AC00550AAA /* SmartWork.app */,
				5874E97F264611B300550AAA /* SmartWorkTests.xctest */,
				5874E98A264611B400550AAA /* SmartWorkUITests.xctest */,
			);
			name = Products;
			sourceTree = "<group>";
		};
		5874E96B264611AC00550AAA /* SmartWork */ = {
			isa = PBXGroup;
			children = (
				580B4B6026463E7F00EB5175 /* Tools */,
				580B4B5D2646383D00EB5175 /* Resources */,
				580B4B5A2646376000EB5175 /* Login */,
				5874E9EA26461C2100550AAA /* My */,
				5874E9E926461BE600550AAA /* ContactList */,
				5874E9E826461B8A00550AAA /* WorkSpace */,
				5874E9E726461B7100550AAA /* Message */,
				5874E96C264611AC00550AAA /* AppDelegate.swift */,
				580B4B582646306E00EB5175 /* SceneDelegate.swift */,
				5874E9E226461B5B00550AAA /* CustomTabBarViewController.swift */,
				5874E970264611AC00550AAA /* ViewController.swift */,
				580828292646A2B300055E31 /* TimeChunk+DateComponents.swift */,
				5874E972264611AC00550AAA /* Main.storyboard */,
				5874E975264611B300550AAA /* Assets.xcassets */,
				5874E977264611B300550AAA /* LaunchScreen.storyboard */,
				5874E97A264611B300550AAA /* Info.plist */,
			);
			path = SmartWork;
			sourceTree = "<group>";
		};
		5874E982264611B400550AAA /* SmartWorkTests */ = {
			isa = PBXGroup;
			children = (
				5874E983264611B400550AAA /* SmartWorkTests.swift */,
				5874E985264611B400550AAA /* Info.plist */,
			);
			path = SmartWorkTests;
			sourceTree = "<group>";
		};
		5874E98D264611B400550AAA /* SmartWorkUITests */ = {
			isa = PBXGroup;
			children = (
				5874E98E264611B400550AAA /* SmartWorkUITests.swift */,
				5874E990264611B400550AAA /* Info.plist */,
			);
			path = SmartWorkUITests;
			sourceTree = "<group>";
		};
		5874E9E726461B7100550AAA /* Message */ = {
			isa = PBXGroup;
			children = (
				5874E9FA26461C9500550AAA /* MessageMainViewController.swift */,
				58790AAC26467ECF00AB26BA /* MessageMainSb.storyboard */,
				58790AAE26468CB100AB26BA /* CalenderViewController.swift */,
				58790AB026468CD300AB26BA /* CalenderViewControllerSb.storyboard */,
			);
			path = Message;
			sourceTree = "<group>";
		};
		5874E9E826461B8A00550AAA /* WorkSpace */ = {
			isa = PBXGroup;
			children = (
				5874E9F526461C7B00550AAA /* WorkSpaceViewController.swift */,
			);
			path = WorkSpace;
			sourceTree = "<group>";
		};
		5874E9E926461BE600550AAA /* ContactList */ = {
			isa = PBXGroup;
			children = (
				5874E9F026461C6800550AAA /* ContactListViewController.swift */,
			);
			path = ContactList;
			sourceTree = "<group>";
		};
		5874E9EA26461C2100550AAA /* My */ = {
			isa = PBXGroup;
			children = (
				5874E9EB26461C5000550AAA /* MyViewController.swift */,
			);
			path = My;
			sourceTree = "<group>";
		};
		AF6EF32E216151531E646D35 /* Pods */ = {
			isa = PBXGroup;
			children = (
				2E3CC29E8955BB9FC189D6B7 /* Pods-SmartWork.debug.xcconfig */,
				F740DEAF5BE054C1FEE9BD07 /* Pods-SmartWork.release.xcconfig */,
			);
			path = Pods;
			sourceTree = "<group>";
		};
/* End PBXGroup section */

/* Begin PBXNativeTarget section */
		5874E968264611AC00550AAA /* SmartWork */ = {
			isa = PBXNativeTarget;
			buildConfigurationList = 5874E993264611B400550AAA /* Build configuration list for PBXNativeTarget "SmartWork" */;
			buildPhases = (
				0FFC40B5B850CC3E6C81CF7C /* [CP] Check Pods Manifest.lock */,
				5874E965264611AC00550AAA /* Sources */,
				5874E966264611AC00550AAA /* Frameworks */,
				5874E967264611AC00550AAA /* Resources */,
				F5DBCF9442DBD682C66DC04D /* [CP] Embed Pods Frameworks */,
			);
			buildRules = (
			);
			dependencies = (
			);
			name = SmartWork;
			productName = SmartWork;
			productReference = 5874E969264611AC00550AAA /* SmartWork.app */;
			productType = "com.apple.product-type.application";
		};
		5874E97E264611B300550AAA /* SmartWorkTests */ = {
			isa = PBXNativeTarget;
			buildConfigurationList = 5874E996264611B400550AAA /* Build configuration list for PBXNativeTarget "SmartWorkTests" */;
			buildPhases = (
				5874E97B264611B300550AAA /* Sources */,
				5874E97C264611B300550AAA /* Frameworks */,
				5874E97D264611B300550AAA /* Resources */,
			);
			buildRules = (
			);
			dependencies = (
				5874E981264611B300550AAA /* PBXTargetDependency */,
			);
			name = SmartWorkTests;
			productName = SmartWorkTests;
			productReference = 5874E97F264611B300550AAA /* SmartWorkTests.xctest */;
			productType = "com.apple.product-type.bundle.unit-test";
		};
		5874E989264611B400550AAA /* SmartWorkUITests */ = {
			isa = PBXNativeTarget;
			buildConfigurationList = 5874E999264611B400550AAA /* Build configuration list for PBXNativeTarget "SmartWorkUITests" */;
			buildPhases = (
				5874E986264611B400550AAA /* Sources */,
				5874E987264611B400550AAA /* Frameworks */,
				5874E988264611B400550AAA /* Resources */,
			);
			buildRules = (
			);
			dependencies = (
				5874E98C264611B400550AAA /* PBXTargetDependency */,
			);
			name = SmartWorkUITests;
			productName = SmartWorkUITests;
			productReference = 5874E98A264611B400550AAA /* SmartWorkUITests.xctest */;
			productType = "com.apple.product-type.bundle.ui-testing";
		};
/* End PBXNativeTarget section */

/* Begin PBXProject section */
		5874E961264611AC00550AAA /* Project object */ = {
			isa = PBXProject;
			attributes = {
				LastSwiftUpdateCheck = 1240;
				LastUpgradeCheck = 1240;
				TargetAttributes = {
					5874E968264611AC00550AAA = {
						CreatedOnToolsVersion = 12.4;
					};
					5874E97E264611B300550AAA = {
						CreatedOnToolsVersion = 12.4;
						TestTargetID = 5874E968264611AC00550AAA;
					};
					5874E989264611B400550AAA = {
						CreatedOnToolsVersion = 12.4;
						TestTargetID = 5874E968264611AC00550AAA;
					};
				};
			};
			buildConfigurationList = 5874E964264611AC00550AAA /* Build configuration list for PBXProject "SmartWork" */;
			compatibilityVersion = "Xcode 9.3";
			developmentRegion = en;
			hasScannedForEncodings = 0;
			knownRegions = (
				en,
				Base,
			);
			mainGroup = 5874E960264611AC00550AAA;
			productRefGroup = 5874E96A264611AC00550AAA /* Products */;
			projectDirPath = "";
			projectRoot = "";
			targets = (
				5874E968264611AC00550AAA /* SmartWork */,
				5874E97E264611B300550AAA /* SmartWorkTests */,
				5874E989264611B400550AAA /* SmartWorkUITests */,
			);
		};
/* End PBXProject section */

/* Begin PBXResourcesBuildPhase section */
		5874E967264611AC00550AAA /* Resources */ = {
			isa = PBXResourcesBuildPhase;
			buildActionMask = 2147483647;
			files = (
				5874E979264611B300550AAA /* LaunchScreen.storyboard in Resources */,
				58790AB126468CD300AB26BA /* CalenderViewControllerSb.storyboard in Resources */,
				580B4B5F264638A200EB5175 /* LaunchPage.png in Resources */,
				58790AAD26467ECF00AB26BA /* MessageMainSb.storyboard in Resources */,
				5874E976264611B300550AAA /* Assets.xcassets in Resources */,
				5874E974264611AC00550AAA /* Main.storyboard in Resources */,
				580B4B622646495B00EB5175 /* LoginViewControllerSb.storyboard in Resources */,
			);
			runOnlyForDeploymentPostprocessing = 0;
		};
		5874E97D264611B300550AAA /* Resources */ = {
			isa = PBXResourcesBuildPhase;
			buildActionMask = 2147483647;
			files = (
			);
			runOnlyForDeploymentPostprocessing = 0;
		};
		5874E988264611B400550AAA /* Resources */ = {
			isa = PBXResourcesBuildPhase;
			buildActionMask = 2147483647;
			files = (
			);
			runOnlyForDeploymentPostprocessing = 0;
		};
/* End PBXResourcesBuildPhase section */

/* Begin PBXShellScriptBuildPhase section */
		0FFC40B5B850CC3E6C81CF7C /* [CP] Check Pods Manifest.lock */ = {
			isa = PBXShellScriptBuildPhase;
			buildActionMask = 2147483647;
			files = (
			);
			inputFileListPaths = (
			);
			inputPaths = (
				"${PODS_PODFILE_DIR_PATH}/Podfile.lock",
				"${PODS_ROOT}/Manifest.lock",
			);
			name = "[CP] Check Pods Manifest.lock";
			outputFileListPaths = (
			);
			outputPaths = (
				"$(DERIVED_FILE_DIR)/Pods-SmartWork-checkManifestLockResult.txt",
			);
			runOnlyForDeploymentPostprocessing = 0;
			shellPath = /bin/sh;
			shellScript = "diff \"${PODS_PODFILE_DIR_PATH}/Podfile.lock\" \"${PODS_ROOT}/Manifest.lock\" > /dev/null\nif [ $? != 0 ] ; then\n    # print error to STDERR\n    echo \"error: The sandbox is not in sync with the Podfile.lock. Run 'pod install' or update your CocoaPods installation.\" >&2\n    exit 1\nfi\n# This output is used by Xcode 'outputs' to avoid re-running this script phase.\necho \"SUCCESS\" > \"${SCRIPT_OUTPUT_FILE_0}\"\n";
			showEnvVarsInLog = 0;
		};
		F5DBCF9442DBD682C66DC04D /* [CP] Embed Pods Frameworks */ = {
			isa = PBXShellScriptBuildPhase;
			buildActionMask = 2147483647;
			files = (
			);
			inputFileListPaths = (
				"${PODS_ROOT}/Target Support Files/Pods-SmartWork/Pods-SmartWork-frameworks-${CONFIGURATION}-input-files.xcfilelist",
			);
			name = "[CP] Embed Pods Frameworks";
			outputFileListPaths = (
				"${PODS_ROOT}/Target Support Files/Pods-SmartWork/Pods-SmartWork-frameworks-${CONFIGURATION}-output-files.xcfilelist",
			);
			runOnlyForDeploymentPostprocessing = 0;
			shellPath = /bin/sh;
			shellScript = "\"${PODS_ROOT}/Target Support Files/Pods-SmartWork/Pods-SmartWork-frameworks.sh\"\n";
			showEnvVarsInLog = 0;
		};
/* End PBXShellScriptBuildPhase section */

/* Begin PBXSourcesBuildPhase section */
		5874E965264611AC00550AAA /* Sources */ = {
			isa = PBXSourcesBuildPhase;
			buildActionMask = 2147483647;
			files = (
				58790AAF26468CB100AB26BA /* CalenderViewController.swift in Sources */,
				580B4B5C2646377B00EB5175 /* LoginViewController.swift in Sources */,
				5874E971264611AC00550AAA /* ViewController.swift in Sources */,
				5874E96D264611AC00550AAA /* AppDelegate.swift in Sources */,
				5874E9F626461C7B00550AAA /* WorkSpaceViewController.swift in Sources */,
				5808282A2646A2B300055E31 /* TimeChunk+DateComponents.swift in Sources */,
				5874E9FB26461C9500550AAA /* MessageMainViewController.swift in Sources */,
				5874E9E326461B5B00550AAA /* CustomTabBarViewController.swift in Sources */,
				5874E9F126461C6800550AAA /* ContactListViewController.swift in Sources */,
				5874E9EC26461C5000550AAA /* MyViewController.swift in Sources */,
				580B4B592646306E00EB5175 /* SceneDelegate.swift in Sources */,
			);
			runOnlyForDeploymentPostprocessing = 0;
		};
		5874E97B264611B300550AAA /* Sources */ = {
			isa = PBXSourcesBuildPhase;
			buildActionMask = 2147483647;
			files = (
				5874E984264611B400550AAA /* SmartWorkTests.swift in Sources */,
			);
			runOnlyForDeploymentPostprocessing = 0;
		};
		5874E986264611B400550AAA /* Sources */ = {
			isa = PBXSourcesBuildPhase;
			buildActionMask = 2147483647;
			files = (
				5874E98F264611B400550AAA /* SmartWorkUITests.swift in Sources */,
			);
			runOnlyForDeploymentPostprocessing = 0;
		};
/* End PBXSourcesBuildPhase section */

/* Begin PBXTargetDependency section */
		5874E981264611B300550AAA /* PBXTargetDependency */ = {
			isa = PBXTargetDependency;
			target = 5874E968264611AC00550AAA /* SmartWork */;
			targetProxy = 5874E980264611B300550AAA /* PBXContainerItemProxy */;
		};
		5874E98C264611B400550AAA /* PBXTargetDependency */ = {
			isa = PBXTargetDependency;
			target = 5874E968264611AC00550AAA /* SmartWork */;
			targetProxy = 5874E98B264611B400550AAA /* PBXContainerItemProxy */;
		};
/* End PBXTargetDependency section */

/* Begin PBXVariantGroup section */
		5874E972264611AC00550AAA /* Main.storyboard */ = {
			isa = PBXVariantGroup;
			children = (
				5874E973264611AC00550AAA /* Base */,
			);
			name = Main.storyboard;
			sourceTree = "<group>";
		};
		5874E977264611B300550AAA /* LaunchScreen.storyboard */ = {
			isa = PBXVariantGroup;
			children = (
				5874E978264611B300550AAA /* Base */,
			);
			name = LaunchScreen.storyboard;
			sourceTree = "<group>";
		};
/* End PBXVariantGroup section */

/* Begin XCBuildConfiguration section */
		5874E991264611B400550AAA /* Debug */ = {
			isa = XCBuildConfiguration;
			buildSettings = {
				ALWAYS_SEARCH_USER_PATHS = NO;
				CLANG_ANALYZER_NONNULL = YES;
				CLANG_ANALYZER_NUMBER_OBJECT_CONVERSION = YES_AGGRESSIVE;
				CLANG_CXX_LANGUAGE_STANDARD = "gnu++14";
				CLANG_CXX_LIBRARY = "libc++";
				CLANG_ENABLE_MODULES = YES;
				CLANG_ENABLE_OBJC_ARC = YES;
				CLANG_ENABLE_OBJC_WEAK = YES;
				CLANG_WARN_BLOCK_CAPTURE_AUTORELEASING = YES;
				CLANG_WARN_BOOL_CONVERSION = YES;
				CLANG_WARN_COMMA = YES;
				CLANG_WARN_CONSTANT_CONVERSION = YES;
				CLANG_WARN_DEPRECATED_OBJC_IMPLEMENTATIONS = YES;
				CLANG_WARN_DIRECT_OBJC_ISA_USAGE = YES_ERROR;
				CLANG_WARN_DOCUMENTATION_COMMENTS = YES;
				CLANG_WARN_EMPTY_BODY = YES;
				CLANG_WARN_ENUM_CONVERSION = YES;
				CLANG_WARN_INFINITE_RECURSION = YES;
				CLANG_WARN_INT_CONVERSION = YES;
				CLANG_WARN_NON_LITERAL_NULL_CONVERSION = YES;
				CLANG_WARN_OBJC_IMPLICIT_RETAIN_SELF = YES;
				CLANG_WARN_OBJC_LITERAL_CONVERSION = YES;
				CLANG_WARN_OBJC_ROOT_CLASS = YES_ERROR;
				CLANG_WARN_QUOTED_INCLUDE_IN_FRAMEWORK_HEADER = YES;
				CLANG_WARN_RANGE_LOOP_ANALYSIS = YES;
				CLANG_WARN_STRICT_PROTOTYPES = YES;
				CLANG_WARN_SUSPICIOUS_MOVE = YES;
				CLANG_WARN_UNGUARDED_AVAILABILITY = YES_AGGRESSIVE;
				CLANG_WARN_UNREACHABLE_CODE = YES;
				CLANG_WARN__DUPLICATE_METHOD_MATCH = YES;
				COPY_PHASE_STRIP = NO;
				DEBUG_INFORMATION_FORMAT = dwarf;
				ENABLE_STRICT_OBJC_MSGSEND = YES;
				ENABLE_TESTABILITY = YES;
				GCC_C_LANGUAGE_STANDARD = gnu11;
				GCC_DYNAMIC_NO_PIC = NO;
				GCC_NO_COMMON_BLOCKS = YES;
				GCC_OPTIMIZATION_LEVEL = 0;
				GCC_PREPROCESSOR_DEFINITIONS = (
					"DEBUG=1",
					"$(inherited)",
				);
				GCC_WARN_64_TO_32_BIT_CONVERSION = YES;
				GCC_WARN_ABOUT_RETURN_TYPE = YES_ERROR;
				GCC_WARN_UNDECLARED_SELECTOR = YES;
				GCC_WARN_UNINITIALIZED_AUTOS = YES_AGGRESSIVE;
				GCC_WARN_UNUSED_FUNCTION = YES;
				GCC_WARN_UNUSED_VARIABLE = YES;
				IPHONEOS_DEPLOYMENT_TARGET = 14.4;
				MTL_ENABLE_DEBUG_INFO = INCLUDE_SOURCE;
				MTL_FAST_MATH = YES;
				ONLY_ACTIVE_ARCH = YES;
				SDKROOT = iphoneos;
				SWIFT_ACTIVE_COMPILATION_CONDITIONS = DEBUG;
				SWIFT_OPTIMIZATION_LEVEL = "-Onone";
			};
			name = Debug;
		};
		5874E992264611B400550AAA /* Release */ = {
			isa = XCBuildConfiguration;
			buildSettings = {
				ALWAYS_SEARCH_USER_PATHS = NO;
				CLANG_ANALYZER_NONNULL = YES;
				CLANG_ANALYZER_NUMBER_OBJECT_CONVERSION = YES_AGGRESSIVE;
				CLANG_CXX_LANGUAGE_STANDARD = "gnu++14";
				CLANG_CXX_LIBRARY = "libc++";
				CLANG_ENABLE_MODULES = YES;
				CLANG_ENABLE_OBJC_ARC = YES;
				CLANG_ENABLE_OBJC_WEAK = YES;
				CLANG_WARN_BLOCK_CAPTURE_AUTORELEASING = YES;
				CLANG_WARN_BOOL_CONVERSION = YES;
				CLANG_WARN_COMMA = YES;
				CLANG_WARN_CONSTANT_CONVERSION = YES;
				CLANG_WARN_DEPRECATED_OBJC_IMPLEMENTATIONS = YES;
				CLANG_WARN_DIRECT_OBJC_ISA_USAGE = YES_ERROR;
				CLANG_WARN_DOCUMENTATION_COMMENTS = YES;
				CLANG_WARN_EMPTY_BODY = YES;
				CLANG_WARN_ENUM_CONVERSION = YES;
				CLANG_WARN_INFINITE_RECURSION = YES;
				CLANG_WARN_INT_CONVERSION = YES;
				CLANG_WARN_NON_LITERAL_NULL_CONVERSION = YES;
				CLANG_WARN_OBJC_IMPLICIT_RETAIN_SELF = YES;
				CLANG_WARN_OBJC_LITERAL_CONVERSION = YES;
				CLANG_WARN_OBJC_ROOT_CLASS = YES_ERROR;
				CLANG_WARN_QUOTED_INCLUDE_IN_FRAMEWORK_HEADER = YES;
				CLANG_WARN_RANGE_LOOP_ANALYSIS = YES;
				CLANG_WARN_STRICT_PROTOTYPES = YES;
				CLANG_WARN_SUSPICIOUS_MOVE = YES;
				CLANG_WARN_UNGUARDED_AVAILABILITY = YES_AGGRESSIVE;
				CLANG_WARN_UNREACHABLE_CODE = YES;
				CLANG_WARN__DUPLICATE_METHOD_MATCH = YES;
				COPY_PHASE_STRIP = NO;
				DEBUG_INFORMATION_FORMAT = "dwarf-with-dsym";
				ENABLE_NS_ASSERTIONS = NO;
				ENABLE_STRICT_OBJC_MSGSEND = YES;
				GCC_C_LANGUAGE_STANDARD = gnu11;
				GCC_NO_COMMON_BLOCKS = YES;
				GCC_WARN_64_TO_32_BIT_CONVERSION = YES;
				GCC_WARN_ABOUT_RETURN_TYPE = YES_ERROR;
				GCC_WARN_UNDECLARED_SELECTOR = YES;
				GCC_WARN_UNINITIALIZED_AUTOS = YES_AGGRESSIVE;
				GCC_WARN_UNUSED_FUNCTION = YES;
				GCC_WARN_UNUSED_VARIABLE = YES;
				IPHONEOS_DEPLOYMENT_TARGET = 14.4;
				MTL_ENABLE_DEBUG_INFO = NO;
				MTL_FAST_MATH = YES;
				SDKROOT = iphoneos;
				SWIFT_COMPILATION_MODE = wholemodule;
				SWIFT_OPTIMIZATION_LEVEL = "-O";
				VALIDATE_PRODUCT = YES;
			};
			name = Release;
		};
		5874E994264611B400550AAA /* Debug */ = {
			isa = XCBuildConfiguration;
			baseConfigurationReference = 2E3CC29E8955BB9FC189D6B7 /* Pods-SmartWork.debug.xcconfig */;
			buildSettings = {
				ASSETCATALOG_COMPILER_APPICON_NAME = AppIcon;
				ASSETCATALOG_COMPILER_GLOBAL_ACCENT_COLOR_NAME = AccentColor;
				CODE_SIGN_STYLE = Automatic;
				INFOPLIST_FILE = SmartWork/Info.plist;
				LD_RUNPATH_SEARCH_PATHS = (
					"$(inherited)",
					"@executable_path/Frameworks",
				);
				PRODUCT_BUNDLE_IDENTIFIER = com.yaoqiang.SmartWork;
				PRODUCT_NAME = "$(TARGET_NAME)";
				SWIFT_VERSION = 5.0;
				TARGETED_DEVICE_FAMILY = "1,2";
			};
			name = Debug;
		};
		5874E995264611B400550AAA /* Release */ = {
			isa = XCBuildConfiguration;
			baseConfigurationReference = F740DEAF5BE054C1FEE9BD07 /* Pods-SmartWork.release.xcconfig */;
			buildSettings = {
				ASSETCATALOG_COMPILER_APPICON_NAME = AppIcon;
				ASSETCATALOG_COMPILER_GLOBAL_ACCENT_COLOR_NAME = AccentColor;
				CODE_SIGN_STYLE = Automatic;
				INFOPLIST_FILE = SmartWork/Info.plist;
				LD_RUNPATH_SEARCH_PATHS = (
					"$(inherited)",
					"@executable_path/Frameworks",
				);
				PRODUCT_BUNDLE_IDENTIFIER = com.yaoqiang.SmartWork;
				PRODUCT_NAME = "$(TARGET_NAME)";
				SWIFT_VERSION = 5.0;
				TARGETED_DEVICE_FAMILY = "1,2";
			};
			name = Release;
		};
		5874E997264611B400550AAA /* Debug */ = {
			isa = XCBuildConfiguration;
			buildSettings = {
				ALWAYS_EMBED_SWIFT_STANDARD_LIBRARIES = YES;
				BUNDLE_LOADER = "$(TEST_HOST)";
				CODE_SIGN_STYLE = Automatic;
				INFOPLIST_FILE = SmartWorkTests/Info.plist;
				IPHONEOS_DEPLOYMENT_TARGET = 14.4;
				LD_RUNPATH_SEARCH_PATHS = (
					"$(inherited)",
					"@executable_path/Frameworks",
					"@loader_path/Frameworks",
				);
				PRODUCT_BUNDLE_IDENTIFIER = com.yaoqiang.SmartWorkTests;
				PRODUCT_NAME = "$(TARGET_NAME)";
				SWIFT_VERSION = 5.0;
				TARGETED_DEVICE_FAMILY = "1,2";
				TEST_HOST = "$(BUILT_PRODUCTS_DIR)/SmartWork.app/SmartWork";
			};
			name = Debug;
		};
		5874E998264611B400550AAA /* Release */ = {
			isa = XCBuildConfiguration;
			buildSettings = {
				ALWAYS_EMBED_SWIFT_STANDARD_LIBRARIES = YES;
				BUNDLE_LOADER = "$(TEST_HOST)";
				CODE_SIGN_STYLE = Automatic;
				INFOPLIST_FILE = SmartWorkTests/Info.plist;
				IPHONEOS_DEPLOYMENT_TARGET = 14.4;
				LD_RUNPATH_SEARCH_PATHS = (
					"$(inherited)",
					"@executable_path/Frameworks",
					"@loader_path/Frameworks",
				);
				PRODUCT_BUNDLE_IDENTIFIER = com.yaoqiang.SmartWorkTests;
				PRODUCT_NAME = "$(TARGET_NAME)";
				SWIFT_VERSION = 5.0;
				TARGETED_DEVICE_FAMILY = "1,2";
				TEST_HOST = "$(BUILT_PRODUCTS_DIR)/SmartWork.app/SmartWork";
			};
			name = Release;
		};
		5874E99A264611B400550AAA /* Debug */ = {
			isa = XCBuildConfiguration;
			buildSettings = {
				ALWAYS_EMBED_SWIFT_STANDARD_LIBRARIES = YES;
				CODE_SIGN_STYLE = Automatic;
				INFOPLIST_FILE = SmartWorkUITests/Info.plist;
				LD_RUNPATH_SEARCH_PATHS = (
					"$(inherited)",
					"@executable_path/Frameworks",
					"@loader_path/Frameworks",
				);
				PRODUCT_BUNDLE_IDENTIFIER = com.yaoqiang.SmartWorkUITests;
				PRODUCT_NAME = "$(TARGET_NAME)";
				SWIFT_VERSION = 5.0;
				TARGETED_DEVICE_FAMILY = "1,2";
				TEST_TARGET_NAME = SmartWork;
			};
			name = Debug;
		};
		5874E99B264611B400550AAA /* Release */ = {
			isa = XCBuildConfiguration;
			buildSettings = {
				ALWAYS_EMBED_SWIFT_STANDARD_LIBRARIES = YES;
				CODE_SIGN_STYLE = Automatic;
				INFOPLIST_FILE = SmartWorkUITests/Info.plist;
				LD_RUNPATH_SEARCH_PATHS = (
					"$(inherited)",
					"@executable_path/Frameworks",
					"@loader_path/Frameworks",
				);
				PRODUCT_BUNDLE_IDENTIFIER = com.yaoqiang.SmartWorkUITests;
				PRODUCT_NAME = "$(TARGET_NAME)";
				SWIFT_VERSION = 5.0;
				TARGETED_DEVICE_FAMILY = "1,2";
				TEST_TARGET_NAME = SmartWork;
			};
			name = Release;
		};
/* End XCBuildConfiguration section */

/* Begin XCConfigurationList section */
		5874E964264611AC00550AAA /* Build configuration list for PBXProject "SmartWork" */ = {
			isa = XCConfigurationList;
			buildConfigurations = (
				5874E991264611B400550AAA /* Debug */,
				5874E992264611B400550AAA /* Release */,
			);
			defaultConfigurationIsVisible = 0;
			defaultConfigurationName = Release;
		};
		5874E993264611B400550AAA /* Build configuration list for PBXNativeTarget "SmartWork" */ = {
			isa = XCConfigurationList;
			buildConfigurations = (
				5874E994264611B400550AAA /* Debug */,
				5874E995264611B400550AAA /* Release */,
			);
			defaultConfigurationIsVisible = 0;
			defaultConfigurationName = Release;
		};
		5874E996264611B400550AAA /* Build configuration list for PBXNativeTarget "SmartWorkTests" */ = {
			isa = XCConfigurationList;
			buildConfigurations = (
				5874E997264611B400550AAA /* Debug */,
				5874E998264611B400550AAA /* Release */,
			);
			defaultConfigurationIsVisible = 0;
			defaultConfigurationName = Release;
		};
		5874E999264611B400550AAA /* Build configuration list for PBXNativeTarget "SmartWorkUITests" */ = {
			isa = XCConfigurationList;
			buildConfigurations = (
				5874E99A264611B400550AAA /* Debug */,
				5874E99B264611B400550AAA /* Release */,
			);
			defaultConfigurationIsVisible = 0;
			defaultConfigurationName = Release;
		};
/* End XCConfigurationList section */
	};
	rootObject = 5874E961264611AC00550AAA /* Project object */;
}
