PODS:
  - CalendarKit (1.0.6)
  - SnapKit (5.0.1)

DEPENDENCIES:
  - CalendarKit
  - SnapKit (~> 5.0.0)

SPEC REPOS:
  https://github.com/CocoaPods/Specs.git:
    - CalendarKit
    - SnapKit

SPEC CHECKSUMS:
  CalendarKit: eb72185fdc61a65107e4edbedb7b6a8f409fb19b
  SnapKit: 97b92857e3df3a0c71833cce143274bf6ef8e5eb

PODFILE CHECKSUM: b8e0ad0174ac0a48b8ea25e9dc4af393bd1682ac

COCOAPODS: 1.10.0
